// !$*UTF8*$!
{
	archiveVersion = 1;
	classes = {
	};
	objectVersion = 50;
	objects = {

/* Begin PBXBuildFile section */
		06C9B482242FD80A00314619 /* AppDelegate.swift in Sources */ = {isa = PBXBuildFile; fileRef = 06C9B481242FD80A00314619 /* AppDelegate.swift */; };
		06C9B484242FD80A00314619 /* SceneDelegate.swift in Sources */ = {isa = PBXBuildFile; fileRef = 06C9B483242FD80A00314619 /* SceneDelegate.swift */; };
		06C9B489242FD80A00314619 /* Main.storyboard in Resources */ = {isa = PBXBuildFile; fileRef = 06C9B487242FD80A00314619 /* Main.storyboard */; };
		06C9B48B242FD80B00314619 /* Assets.xcassets in Resources */ = {isa = PBXBuildFile; fileRef = 06C9B48A242FD80B00314619 /* Assets.xcassets */; };
		06C9B48E242FD80B00314619 /* LaunchScreen.storyboard in Resources */ = {isa = PBXBuildFile; fileRef = 06C9B48C242FD80B00314619 /* LaunchScreen.storyboard */; };
		06C9B499242FD80B00314619 /* To_DoTests.swift in Sources */ = {isa = PBXBuildFile; fileRef = 06C9B498242FD80B00314619 /* To_DoTests.swift */; };
		06C9B4A4242FD80C00314619 /* To_DoUITests.swift in Sources */ = {isa = PBXBuildFile; fileRef = 06C9B4A3242FD80C00314619 /* To_DoUITests.swift */; };
		06C9B4B2242FD9A300314619 /* ItemsViewController.swift in Sources */ = {isa = PBXBuildFile; fileRef = 06C9B4B1242FD9A300314619 /* ItemsViewController.swift */; };
		06C9B4B6242FDD4E00314619 /* Item.swift in Sources */ = {isa = PBXBuildFile; fileRef = 06C9B4B5242FDD4E00314619 /* Item.swift */; };
		06C9B4B8242FE4C900314619 /* ItemStore.swift in Sources */ = {isa = PBXBuildFile; fileRef = 06C9B4B7242FE4C900314619 /* ItemStore.swift */; };
		06C9B4BA2430071000314619 /* DetailViewController.swift in Sources */ = {isa = PBXBuildFile; fileRef = 06C9B4B92430071000314619 /* DetailViewController.swift */; };
/* End PBXBuildFile section */

/* Begin PBXContainerItemProxy section */
		06C9B495242FD80B00314619 /* PBXContainerItemProxy */ = {
			isa = PBXContainerItemProxy;
			containerPortal = 06C9B476242FD80A00314619 /* Project object */;
			proxyType = 1;
			remoteGlobalIDString = 06C9B47D242FD80A00314619;
			remoteInfo = "To-Do";
		};
		06C9B4A0242FD80C00314619 /* PBXContainerItemProxy */ = {
			isa = PBXContainerItemProxy;
			containerPortal = 06C9B476242FD80A00314619 /* Project object */;
			proxyType = 1;
			remoteGlobalIDString = 06C9B47D242FD80A00314619;
			remoteInfo = "To-Do";
		};
/* End PBXContainerItemProxy section */

/* Begin PBXFileReference section */
		06C9B47E242FD80A00314619 /* To-Do.app */ = {isa = PBXFileReference; explicitFileType = wrapper.application; includeInIndex = 0; path = "To-Do.app"; sourceTree = BUILT_PRODUCTS_DIR; };
		06C9B481242FD80A00314619 /* AppDelegate.swift */ = {isa = PBXFileReference; lastKnownFileType = sourcecode.swift; path = AppDelegate.swift; sourceTree = "<group>"; };
		06C9B483242FD80A00314619 /* SceneDelegate.swift */ = {isa = PBXFileReference; lastKnownFileType = sourcecode.swift; path = SceneDelegate.swift; sourceTree = "<group>"; };
		06C9B488242FD80A00314619 /* Base */ = {isa = PBXFileReference; lastKnownFileType = file.storyboard; name = Base; path = Base.lproj/Main.storyboard; sourceTree = "<group>"; };
		06C9B48A242FD80B00314619 /* Assets.xcassets */ = {isa = PBXFileReference; lastKnownFileType = folder.assetcatalog; path = Assets.xcassets; sourceTree = "<group>"; };
		06C9B48D242FD80B00314619 /* Base */ = {isa = PBXFileReference; lastKnownFileType = file.storyboard; name = Base; path = Base.lproj/LaunchScreen.storyboard; sourceTree = "<group>"; };
		06C9B48F242FD80B00314619 /* Info.plist */ = {isa = PBXFileReference; lastKnownFileType = text.plist.xml; path = Info.plist; sourceTree = "<group>"; };
		06C9B494242FD80B00314619 /* To-DoTests.xctest */ = {isa = PBXFileReference; explicitFileType = wrapper.cfbundle; includeInIndex = 0; path = "To-DoTests.xctest"; sourceTree = BUILT_PRODUCTS_DIR; };
		06C9B498242FD80B00314619 /* To_DoTests.swift */ = {isa = PBXFileReference; lastKnownFileType = sourcecode.swift; path = To_DoTests.swift; sourceTree = "<group>"; };
		06C9B49A242FD80B00314619 /* Info.plist */ = {isa = PBXFileReference; lastKnownFileType = text.plist.xml; path = Info.plist; sourceTree = "<group>"; };
		06C9B49F242FD80C00314619 /* To-DoUITests.xctest */ = {isa = PBXFileReference; explicitFileType = wrapper.cfbundle; includeInIndex = 0; path = "To-DoUITests.xctest"; sourceTree = BUILT_PRODUCTS_DIR; };
		06C9B4A3242FD80C00314619 /* To_DoUITests.swift */ = {isa = PBXFileReference; lastKnownFileType = sourcecode.swift; path = To_DoUITests.swift; sourceTree = "<group>"; };
		06C9B4A5242FD80C00314619 /* Info.plist */ = {isa = PBXFileReference; lastKnownFileType = text.plist.xml; path = Info.plist; sourceTree = "<group>"; };
		06C9B4B1242FD9A300314619 /* ItemsViewController.swift */ = {isa = PBXFileReference; lastKnownFileType = sourcecode.swift; path = ItemsViewController.swift; sourceTree = "<group>"; };
		06C9B4B5242FDD4E00314619 /* Item.swift */ = {isa = PBXFileReference; lastKnownFileType = sourcecode.swift; path = Item.swift; sourceTree = "<group>"; };
		06C9B4B7242FE4C900314619 /* ItemStore.swift */ = {isa = PBXFileReference; lastKnownFileType = sourcecode.swift; path = ItemStore.swift; sourceTree = "<group>"; };
		06C9B4B92430071000314619 /* DetailViewController.swift */ = {isa = PBXFileReference; lastKnownFileType = sourcecode.swift; path = DetailViewController.swift; sourceTree = "<group>"; };
/* End PBXFileReference section */

/* Begin PBXFrameworksBuildPhase section */
		06C9B47B242FD80A00314619 /* Frameworks */ = {
			isa = PBXFrameworksBuildPhase;
			buildActionMask = 2147483647;
			files = (
			);
			runOnlyForDeploymentPostprocessing = 0;
		};
		06C9B491242FD80B00314619 /* Frameworks */ = {
			isa = PBXFrameworksBuildPhase;
			buildActionMask = 2147483647;
			files = (
			);
			runOnlyForDeploymentPostprocessing = 0;
		};
		06C9B49C242FD80C00314619 /* Frameworks */ = {
			isa = PBXFrameworksBuildPhase;
			buildActionMask = 2147483647;
			files = (
			);
			runOnlyForDeploymentPostprocessing = 0;
		};
/* End PBXFrameworksBuildPhase section */

/* Begin PBXGroup section */
		06C9B475242FD80A00314619 = {
			isa = PBXGroup;
			children = (
				06C9B480242FD80A00314619 /* To-Do */,
				06C9B497242FD80B00314619 /* To-DoTests */,
				06C9B4A2242FD80C00314619 /* To-DoUITests */,
				06C9B47F242FD80A00314619 /* Products */,
			);
			sourceTree = "<group>";
		};
		06C9B47F242FD80A00314619 /* Products */ = {
			isa = PBXGroup;
			children = (
				06C9B47E242FD80A00314619 /* To-Do.app */,
				06C9B494242FD80B00314619 /* To-DoTests.xctest */,
				06C9B49F242FD80C00314619 /* To-DoUITests.xctest */,
			);
			name = Products;
			sourceTree = "<group>";
		};
		06C9B480242FD80A00314619 /* To-Do */ = {
			isa = PBXGroup;
			children = (
				06C9B481242FD80A00314619 /* AppDelegate.swift */,
				06C9B483242FD80A00314619 /* SceneDelegate.swift */,
				06C9B487242FD80A00314619 /* Main.storyboard */,
				06C9B48A242FD80B00314619 /* Assets.xcassets */,
				06C9B48C242FD80B00314619 /* LaunchScreen.storyboard */,
				06C9B48F242FD80B00314619 /* Info.plist */,
				06C9B4B1242FD9A300314619 /* ItemsViewController.swift */,
				06C9B4B5242FDD4E00314619 /* Item.swift */,
				06C9B4B7242FE4C900314619 /* ItemStore.swift */,
				06C9B4B92430071000314619 /* DetailViewController.swift */,
			);
			path = "To-Do";
			sourceTree = "<group>";
		};
		06C9B497242FD80B00314619 /* To-DoTests */ = {
			isa = PBXGroup;
			children = (
				06C9B498242FD80B00314619 /* To_DoTests.swift */,
				06C9B49A242FD80B00314619 /* Info.plist */,
			);
			path = "To-DoTests";
			sourceTree = "<group>";
		};
		06C9B4A2242FD80C00314619 /* To-DoUITests */ = {
			isa = PBXGroup;
			children = (
				06C9B4A3242FD80C00314619 /* To_DoUITests.swift */,
				06C9B4A5242FD80C00314619 /* Info.plist */,
			);
			path = "To-DoUITests";
			sourceTree = "<group>";
		};
/* End PBXGroup section */

/* Begin PBXNativeTarget section */
		06C9B47D242FD80A00314619 /* To-Do */ = {
			isa = PBXNativeTarget;
			buildConfigurationList = 06C9B4A8242FD80C00314619 /* Build configuration list for PBXNativeTarget "To-Do" */;
			buildPhases = (
				06C9B47A242FD80A00314619 /* Sources */,
				06C9B47B242FD80A00314619 /* Frameworks */,
				06C9B47C242FD80A00314619 /* Resources */,
			);
			buildRules = (
			);
			dependencies = (
			);
			name = "To-Do";
			productName = "To-Do";
			productReference = 06C9B47E242FD80A00314619 /* To-Do.app */;
			productType = "com.apple.product-type.application";
		};
		06C9B493242FD80B00314619 /* To-DoTests */ = {
			isa = PBXNativeTarget;
			buildConfigurationList = 06C9B4AB242FD80C00314619 /* Build configuration list for PBXNativeTarget "To-DoTests" */;
			buildPhases = (
				06C9B490242FD80B00314619 /* Sources */,
				06C9B491242FD80B00314619 /* Frameworks */,
				06C9B492242FD80B00314619 /* Resources */,
			);
			buildRules = (
			);
			dependencies = (
				06C9B496242FD80B00314619 /* PBXTargetDependency */,
			);
			name = "To-DoTests";
			productName = "To-DoTests";
			productReference = 06C9B494242FD80B00314619 /* To-DoTests.xctest */;
			productType = "com.apple.product-type.bundle.unit-test";
		};
		06C9B49E242FD80C00314619 /* To-DoUITests */ = {
			isa = PBXNativeTarget;
			buildConfigurationList = 06C9B4AE242FD80C00314619 /* Build configuration list for PBXNativeTarget "To-DoUITests" */;
			buildPhases = (
				06C9B49B242FD80C00314619 /* Sources */,
				06C9B49C242FD80C00314619 /* Frameworks */,
				06C9B49D242FD80C00314619 /* Resources */,
			);
			buildRules = (
			);
			dependencies = (
				06C9B4A1242FD80C00314619 /* PBXTargetDependency */,
			);
			name = "To-DoUITests";
			productName = "To-DoUITests";
			productReference = 06C9B49F242FD80C00314619 /* To-DoUITests.xctest */;
			productType = "com.apple.product-type.bundle.ui-testing";
		};
/* End PBXNativeTarget section */

/* Begin PBXProject section */
		06C9B476242FD80A00314619 /* Project object */ = {
			isa = PBXProject;
			attributes = {
				LastSwiftUpdateCheck = 1130;
				LastUpgradeCheck = 1130;
				ORGANIZATIONNAME = skray;
				TargetAttributes = {
					06C9B47D242FD80A00314619 = {
						CreatedOnToolsVersion = 11.3.1;
					};
					06C9B493242FD80B00314619 = {
						CreatedOnToolsVersion = 11.3.1;
						TestTargetID = 06C9B47D242FD80A00314619;
					};
					06C9B49E242FD80C00314619 = {
						CreatedOnToolsVersion = 11.3.1;
						TestTargetID = 06C9B47D242FD80A00314619;
					};
				};
			};
			buildConfigurationList = 06C9B479242FD80A00314619 /* Build configuration list for PBXProject "To-Do" */;
			compatibilityVersion = "Xcode 9.3";
			developmentRegion = en;
			hasScannedForEncodings = 0;
			knownRegions = (
				en,
				Base,
			);
			mainGroup = 06C9B475242FD80A00314619;
			productRefGroup = 06C9B47F242FD80A00314619 /* Products */;
			projectDirPath = "";
			projectRoot = "";
			targets = (
				06C9B47D242FD80A00314619 /* To-Do */,
				06C9B493242FD80B00314619 /* To-DoTests */,
				06C9B49E242FD80C00314619 /* To-DoUITests */,
			);
		};
/* End PBXProject section */

/* Begin PBXResourcesBuildPhase section */
		06C9B47C242FD80A00314619 /* Resources */ = {
			isa = PBXResourcesBuildPhase;
			buildActionMask = 2147483647;
			files = (
				06C9B48E242FD80B00314619 /* LaunchScreen.storyboard in Resources */,
				06C9B48B242FD80B00314619 /* Assets.xcassets in Resources */,
				06C9B489242FD80A00314619 /* Main.storyboard in Resources */,
			);
			runOnlyForDeploymentPostprocessing = 0;
		};
		06C9B492242FD80B00314619 /* Resources */ = {
			isa = PBXResourcesBuildPhase;
			buildActionMask = 2147483647;
			files = (
			);
			runOnlyForDeploymentPostprocessing = 0;
		};
		06C9B49D242FD80C00314619 /* Resources */ = {
			isa = PBXResourcesBuildPhase;
			buildActionMask = 2147483647;
			files = (
			);
			runOnlyForDeploymentPostprocessing = 0;
		};
/* End PBXResourcesBuildPhase section */

/* Begin PBXSourcesBuildPhase section */
		06C9B47A242FD80A00314619 /* Sources */ = {
			isa = PBXSourcesBuildPhase;
			buildActionMask = 2147483647;
			files = (
				06C9B4B6242FDD4E00314619 /* Item.swift in Sources */,
				06C9B482242FD80A00314619 /* AppDelegate.swift in Sources */,
				06C9B484242FD80A00314619 /* SceneDelegate.swift in Sources */,
				06C9B4BA2430071000314619 /* DetailViewController.swift in Sources */,
				06C9B4B8242FE4C900314619 /* ItemStore.swift in Sources */,
				06C9B4B2242FD9A300314619 /* ItemsViewController.swift in Sources */,
			);
			runOnlyForDeploymentPostprocessing = 0;
		};
		06C9B490242FD80B00314619 /* Sources */ = {
			isa = PBXSourcesBuildPhase;
			buildActionMask = 2147483647;
			files = (
				06C9B499242FD80B00314619 /* To_DoTests.swift in Sources */,
			);
			runOnlyForDeploymentPostprocessing = 0;
		};
		06C9B49B242FD80C00314619 /* Sources */ = {
			isa = PBXSourcesBuildPhase;
			buildActionMask = 2147483647;
			files = (
				06C9B4A4242FD80C00314619 /* To_DoUITests.swift in Sources */,
			);
			runOnlyForDeploymentPostprocessing = 0;
		};
/* End PBXSourcesBuildPhase section */

/* Begin PBXTargetDependency section */
		06C9B496242FD80B00314619 /* PBXTargetDependency */ = {
			isa = PBXTargetDependency;
			target = 06C9B47D242FD80A00314619 /* To-Do */;
			targetProxy = 06C9B495242FD80B00314619 /* PBXContainerItemProxy */;
		};
		06C9B4A1242FD80C00314619 /* PBXTargetDependency */ = {
			isa = PBXTargetDependency;
			target = 06C9B47D242FD80A00314619 /* To-Do */;
			targetProxy = 06C9B4A0242FD80C00314619 /* PBXContainerItemProxy */;
		};
/* End PBXTargetDependency section */

/* Begin PBXVariantGroup section */
		06C9B487242FD80A00314619 /* Main.storyboard */ = {
			isa = PBXVariantGroup;
			children = (
				06C9B488242FD80A00314619 /* Base */,
			);
			name = Main.storyboard;
			sourceTree = "<group>";
		};
		06C9B48C242FD80B00314619 /* LaunchScreen.storyboard */ = {
			isa = PBXVariantGroup;
			children = (
				06C9B48D242FD80B00314619 /* Base */,
			);
			name = LaunchScreen.storyboard;
			sourceTree = "<group>";
		};
/* End PBXVariantGroup section */

/* Begin XCBuildConfiguration section */
		06C9B4A6242FD80C00314619 /* Debug */ = {
			isa = XCBuildConfiguration;
			buildSettings = {
				ALWAYS_SEARCH_USER_PATHS = NO;
				CLANG_ANALYZER_NONNULL = YES;
				CLANG_ANALYZER_NUMBER_OBJECT_CONVERSION = YES_AGGRESSIVE;
				CLANG_CXX_LANGUAGE_STANDARD = "gnu++14";
				CLANG_CXX_LIBRARY = "libc++";
				CLANG_ENABLE_MODULES = YES;
				CLANG_ENABLE_OBJC_ARC = YES;
				CLANG_ENABLE_OBJC_WEAK = YES;
				CLANG_WARN_BLOCK_CAPTURE_AUTORELEASING = YES;
				CLANG_WARN_BOOL_CONVERSION = YES;
				CLANG_WARN_COMMA = YES;
				CLANG_WARN_CONSTANT_CONVERSION = YES;
				CLANG_WARN_DEPRECATED_OBJC_IMPLEMENTATIONS = YES;
				CLANG_WARN_DIRECT_OBJC_ISA_USAGE = YES_ERROR;
				CLANG_WARN_DOCUMENTATION_COMMENTS = YES;
				CLANG_WARN_EMPTY_BODY = YES;
				CLANG_WARN_ENUM_CONVERSION = YES;
				CLANG_WARN_INFINITE_RECURSION = YES;
				CLANG_WARN_INT_CONVERSION = YES;
				CLANG_WARN_NON_LITERAL_NULL_CONVERSION = YES;
				CLANG_WARN_OBJC_IMPLICIT_RETAIN_SELF = YES;
				CLANG_WARN_OBJC_LITERAL_CONVERSION = YES;
				CLANG_WARN_OBJC_ROOT_CLASS = YES_ERROR;
				CLANG_WARN_RANGE_LOOP_ANALYSIS = YES;
				CLANG_WARN_STRICT_PROTOTYPES = YES;
				CLANG_WARN_SUSPICIOUS_MOVE = YES;
				CLANG_WARN_UNGUARDED_AVAILABILITY = YES_AGGRESSIVE;
				CLANG_WARN_UNREACHABLE_CODE = YES;
				CLANG_WARN__DUPLICATE_METHOD_MATCH = YES;
				COPY_PHASE_STRIP = NO;
				DEBUG_INFORMATION_FORMAT = dwarf;
				ENABLE_STRICT_OBJC_MSGSEND = YES;
				ENABLE_TESTABILITY = YES;
				GCC_C_LANGUAGE_STANDARD = gnu11;
				GCC_DYNAMIC_NO_PIC = NO;
				GCC_NO_COMMON_BLOCKS = YES;
				GCC_OPTIMIZATION_LEVEL = 0;
				GCC_PREPROCESSOR_DEFINITIONS = (
					"DEBUG=1",
					"$(inherited)",
				);
				GCC_WARN_64_TO_32_BIT_CONVERSION = YES;
				GCC_WARN_ABOUT_RETURN_TYPE = YES_ERROR;
				GCC_WARN_UNDECLARED_SELECTOR = YES;
				GCC_WARN_UNINITIALIZED_AUTOS = YES_AGGRESSIVE;
				GCC_WARN_UNUSED_FUNCTION = YES;
				GCC_WARN_UNUSED_VARIABLE = YES;
				IPHONEOS_DEPLOYMENT_TARGET = 13.2;
				MTL_ENABLE_DEBUG_INFO = INCLUDE_SOURCE;
				MTL_FAST_MATH = YES;
				ONLY_ACTIVE_ARCH = YES;
				SDKROOT = iphoneos;
				SWIFT_ACTIVE_COMPILATION_CONDITIONS = DEBUG;
				SWIFT_OPTIMIZATION_LEVEL = "-Onone";
			};
			name = Debug;
		};
		06C9B4A7242FD80C00314619 /* Release */ = {
			isa = XCBuildConfiguration;
			buildSettings = {
				ALWAYS_SEARCH_USER_PATHS = NO;
				CLANG_ANALYZER_NONNULL = YES;
				CLANG_ANALYZER_NUMBER_OBJECT_CONVERSION = YES_AGGRESSIVE;
				CLANG_CXX_LANGUAGE_STANDARD = "gnu++14";
				CLANG_CXX_LIBRARY = "libc++";
				CLANG_ENABLE_MODULES = YES;
				CLANG_ENABLE_OBJC_ARC = YES;
				CLANG_ENABLE_OBJC_WEAK = YES;
				CLANG_WARN_BLOCK_CAPTURE_AUTORELEASING = YES;
				CLANG_WARN_BOOL_CONVERSION = YES;
				CLANG_WARN_COMMA = YES;
				CLANG_WARN_CONSTANT_CONVERSION = YES;
				CLANG_WARN_DEPRECATED_OBJC_IMPLEMENTATIONS = YES;
				CLANG_WARN_DIRECT_OBJC_ISA_USAGE = YES_ERROR;
				CLANG_WARN_DOCUMENTATION_COMMENTS = YES;
				CLANG_WARN_EMPTY_BODY = YES;
				CLANG_WARN_ENUM_CONVERSION = YES;
				CLANG_WARN_INFINITE_RECURSION = YES;
				CLANG_WARN_INT_CONVERSION = YES;
				CLANG_WARN_NON_LITERAL_NULL_CONVERSION = YES;
				CLANG_WARN_OBJC_IMPLICIT_RETAIN_SELF = YES;
				CLANG_WARN_OBJC_LITERAL_CONVERSION = YES;
				CLANG_WARN_OBJC_ROOT_CLASS = YES_ERROR;
				CLANG_WARN_RANGE_LOOP_ANALYSIS = YES;
				CLANG_WARN_STRICT_PROTOTYPES = YES;
				CLANG_WARN_SUSPICIOUS_MOVE = YES;
				CLANG_WARN_UNGUARDED_AVAILABILITY = YES_AGGRESSIVE;
				CLANG_WARN_UNREACHABLE_CODE = YES;
				CLANG_WARN__DUPLICATE_METHOD_MATCH = YES;
				COPY_PHASE_STRIP = NO;
				DEBUG_INFORMATION_FORMAT = "dwarf-with-dsym";
				ENABLE_NS_ASSERTIONS = NO;
				ENABLE_STRICT_OBJC_MSGSEND = YES;
				GCC_C_LANGUAGE_STANDARD = gnu11;
				GCC_NO_COMMON_BLOCKS = YES;
				GCC_WARN_64_TO_32_BIT_CONVERSION = YES;
				GCC_WARN_ABOUT_RETURN_TYPE = YES_ERROR;
				GCC_WARN_UNDECLARED_SELECTOR = YES;
				GCC_WARN_UNINITIALIZED_AUTOS = YES_AGGRESSIVE;
				GCC_WARN_UNUSED_FUNCTION = YES;
				GCC_WARN_UNUSED_VARIABLE = YES;
				IPHONEOS_DEPLOYMENT_TARGET = 13.2;
				MTL_ENABLE_DEBUG_INFO = NO;
				MTL_FAST_MATH = YES;
				SDKROOT = iphoneos;
				SWIFT_COMPILATION_MODE = wholemodule;
				SWIFT_OPTIMIZATION_LEVEL = "-O";
				VALIDATE_PRODUCT = YES;
			};
			name = Release;
		};
		06C9B4A9242FD80C00314619 /* Debug */ = {
			isa = XCBuildConfiguration;
			buildSettings = {
				ASSETCATALOG_COMPILER_APPICON_NAME = AppIcon;
				CODE_SIGN_STYLE = Automatic;
				DEVELOPMENT_TEAM = F5D895GB5K;
				INFOPLIST_FILE = "To-Do/Info.plist";
				LD_RUNPATH_SEARCH_PATHS = (
					"$(inherited)",
					"@executable_path/Frameworks",
				);
				PRODUCT_BUNDLE_IDENTIFIER = "com.skray.To-Do";
				PRODUCT_NAME = "$(TARGET_NAME)";
				SWIFT_VERSION = 5.0;
				TARGETED_DEVICE_FAMILY = "1,2";
			};
			name = Debug;
		};
		06C9B4AA242FD80C00314619 /* Release */ = {
			isa = XCBuildConfiguration;
			buildSettings = {
				ASSETCATALOG_COMPILER_APPICON_NAME = AppIcon;
				CODE_SIGN_STYLE = Automatic;
				DEVELOPMENT_TEAM = F5D895GB5K;
				INFOPLIST_FILE = "To-Do/Info.plist";
				LD_RUNPATH_SEARCH_PATHS = (
					"$(inherited)",
					"@executable_path/Frameworks",
				);
				PRODUCT_BUNDLE_IDENTIFIER = "com.skray.To-Do";
				PRODUCT_NAME = "$(TARGET_NAME)";
				SWIFT_VERSION = 5.0;
				TARGETED_DEVICE_FAMILY = "1,2";
			};
			name = Release;
		};
		06C9B4AC242FD80C00314619 /* Debug */ = {
			isa = XCBuildConfiguration;
			buildSettings = {
				ALWAYS_EMBED_SWIFT_STANDARD_LIBRARIES = YES;
				BUNDLE_LOADER = "$(TEST_HOST)";
				CODE_SIGN_STYLE = Automatic;
				DEVELOPMENT_TEAM = 8AFWXPYXL7;
				INFOPLIST_FILE = "To-DoTests/Info.plist";
				IPHONEOS_DEPLOYMENT_TARGET = 13.2;
				LD_RUNPATH_SEARCH_PATHS = (
					"$(inherited)",
					"@executable_path/Frameworks",
					"@loader_path/Frameworks",
				);
				PRODUCT_BUNDLE_IDENTIFIER = "com.skray.To-DoTests";
				PRODUCT_NAME = "$(TARGET_NAME)";
				SWIFT_VERSION = 5.0;
				TARGETED_DEVICE_FAMILY = "1,2";
				TEST_HOST = "$(BUILT_PRODUCTS_DIR)/To-Do.app/To-Do";
			};
			name = Debug;
		};
		06C9B4AD242FD80C00314619 /* Release */ = {
			isa = XCBuildConfiguration;
			buildSettings = {
				ALWAYS_EMBED_SWIFT_STANDARD_LIBRARIES = YES;
				BUNDLE_LOADER = "$(TEST_HOST)";
				CODE_SIGN_STYLE = Automatic;
				DEVELOPMENT_TEAM = 8AFWXPYXL7;
				INFOPLIST_FILE = "To-DoTests/Info.plist";
				IPHONEOS_DEPLOYMENT_TARGET = 13.2;
				LD_RUNPATH_SEARCH_PATHS = (
					"$(inherited)",
					"@executable_path/Frameworks",
					"@loader_path/Frameworks",
				);
				PRODUCT_BUNDLE_IDENTIFIER = "com.skray.To-DoTests";
				PRODUCT_NAME = "$(TARGET_NAME)";
				SWIFT_VERSION = 5.0;
				TARGETED_DEVICE_FAMILY = "1,2";
				TEST_HOST = "$(BUILT_PRODUCTS_DIR)/To-Do.app/To-Do";
			};
			name = Release;
		};
		06C9B4AF242FD80C00314619 /* Debug */ = {
			isa = XCBuildConfiguration;
			buildSettings = {
				ALWAYS_EMBED_SWIFT_STANDARD_LIBRARIES = YES;
				CODE_SIGN_STYLE = Automatic;
				DEVELOPMENT_TEAM = 8AFWXPYXL7;
				INFOPLIST_FILE = "To-DoUITests/Info.plist";
				LD_RUNPATH_SEARCH_PATHS = (
					"$(inherited)",
					"@executable_path/Frameworks",
					"@loader_path/Frameworks",
				);
				PRODUCT_BUNDLE_IDENTIFIER = "com.skray.To-DoUITests";
				PRODUCT_NAME = "$(TARGET_NAME)";
				SWIFT_VERSION = 5.0;
				TARGETED_DEVICE_FAMILY = "1,2";
				TEST_TARGET_NAME = "To-Do";
			};
			name = Debug;
		};
		06C9B4B0242FD80C00314619 /* Release */ = {
			isa = XCBuildConfiguration;
			buildSettings = {
				ALWAYS_EMBED_SWIFT_STANDARD_LIBRARIES = YES;
				CODE_SIGN_STYLE = Automatic;
				DEVELOPMENT_TEAM = 8AFWXPYXL7;
				INFOPLIST_FILE = "To-DoUITests/Info.plist";
				LD_RUNPATH_SEARCH_PATHS = (
					"$(inherited)",
					"@executable_path/Frameworks",
					"@loader_path/Frameworks",
				);
				PRODUCT_BUNDLE_IDENTIFIER = "com.skray.To-DoUITests";
				PRODUCT_NAME = "$(TARGET_NAME)";
				SWIFT_VERSION = 5.0;
				TARGETED_DEVICE_FAMILY = "1,2";
				TEST_TARGET_NAME = "To-Do";
			};
			name = Release;
		};
/* End XCBuildConfiguration section */

/* Begin XCConfigurationList section */
		06C9B479242FD80A00314619 /* Build configuration list for PBXProject "To-Do" */ = {
			isa = XCConfigurationList;
			buildConfigurations = (
				06C9B4A6242FD80C00314619 /* Debug */,
				06C9B4A7242FD80C00314619 /* Release */,
			);
			defaultConfigurationIsVisible = 0;
			defaultConfigurationName = Release;
		};
		06C9B4A8242FD80C00314619 /* Build configuration list for PBXNativeTarget "To-Do" */ = {
			isa = XCConfigurationList;
			buildConfigurations = (
				06C9B4A9242FD80C00314619 /* Debug */,
				06C9B4AA242FD80C00314619 /* Release */,
			);
			defaultConfigurationIsVisible = 0;
			defaultConfigurationName = Release;
		};
		06C9B4AB242FD80C00314619 /* Build configuration list for PBXNativeTarget "To-DoTests" */ = {
			isa = XCConfigurationList;
			buildConfigurations = (
				06C9B4AC242FD80C00314619 /* Debug */,
				06C9B4AD242FD80C00314619 /* Release */,
			);
			defaultConfigurationIsVisible = 0;
			defaultConfigurationName = Release;
		};
		06C9B4AE242FD80C00314619 /* Build configuration list for PBXNativeTarget "To-DoUITests" */ = {
			isa = XCConfigurationList;
			buildConfigurations = (
				06C9B4AF242FD80C00314619 /* Debug */,
				06C9B4B0242FD80C00314619 /* Release */,
			);
			defaultConfigurationIsVisible = 0;
			defaultConfigurationName = Release;
		};
/* End XCConfigurationList section */
	};
	rootObject = 06C9B476242FD80A00314619 /* Project object */;
}
